
Microsoft Visual Studio Solution File, Format Version 12.00
# Visual Studio Version 17
VisualStudioVersion = 17.11.35327.3
MinimumVisualStudioVersion = 10.0.40219.1
Project("{FAE04EC0-301F-11D3-BF4B-00C04F79EFBC}") = "HermapSolution", "HermapSolution\HermapSolution.csproj", "{D44CCD21-FD3C-4E92-AB17-E46547D9E906}"
EndProject
Project("{FAE04EC0-301F-11D3-BF4B-00C04F79EFBC}") = "Hermap.Domain", "Hermap.Domain\Hermap.Domain.csproj", "{D7B22A7D-9B85-4295-AE7A-501A6AEE696B}"
EndProject
Project("{FAE04EC0-301F-11D3-BF4B-00C04F79EFBC}") = "Hermap.Application", "Hermap.Application\Hermap.Application.csproj", "{A670E862-97AE-4007-B306-EFC907C9CFD6}"
EndProject
Project("{FAE04EC0-301F-11D3-BF4B-00C04F79EFBC}") = "Hermap.Infraestructure", "Hermap.Infraestructure\Hermap.Infraestructure.csproj", "{8D970731-5273-4B1B-9F35-3073DA141B13}"
EndProject
Project("{FAE04EC0-301F-11D3-BF4B-00C04F79EFBC}") = "Hermap.API", "Hermap.API\Hermap.API.csproj", "{49BA49A9-A5C0-4BF3-BC6F-B8C58DDCD292}"
EndProject
Project("{FAE04EC0-301F-11D3-BF4B-00C04F79EFBC}") = "Hermap.Web", "Hermap.Web\Hermap.Web.csproj", "{9F6FA889-9847-4F99-8E67-B47705E5A649}"
EndProject
Project("{FAE04EC0-301F-11D3-BF4B-00C04F79EFBC}") = "Hermap.Mobile", "Hermap.Mobile\Hermap.Mobile.csproj", "{E0B9F29A-9157-42B5-933F-75E88192565B}"
EndProject
Global
	GlobalSection(SolutionConfigurationPlatforms) = preSolution
		Debug|Any CPU = Debug|Any CPU
		Release|Any CPU = Release|Any CPU
	EndGlobalSection
	GlobalSection(ProjectConfigurationPlatforms) = postSolution
		{D44CCD21-FD3C-4E92-AB17-E46547D9E906}.Debug|Any CPU.ActiveCfg = Debug|Any CPU
		{D44CCD21-FD3C-4E92-AB17-E46547D9E906}.Debug|Any CPU.Build.0 = Debug|Any CPU
		{D44CCD21-FD3C-4E92-AB17-E46547D9E906}.Release|Any CPU.ActiveCfg = Release|Any CPU
		{D44CCD21-FD3C-4E92-AB17-E46547D9E906}.Release|Any CPU.Build.0 = Release|Any CPU
		{D7B22A7D-9B85-4295-AE7A-501A6AEE696B}.Debug|Any CPU.ActiveCfg = Debug|Any CPU
		{D7B22A7D-9B85-4295-AE7A-501A6AEE696B}.Debug|Any CPU.Build.0 = Debug|Any CPU
		{D7B22A7D-9B85-4295-AE7A-501A6AEE696B}.Release|Any CPU.ActiveCfg = Release|Any CPU
		{D7B22A7D-9B85-4295-AE7A-501A6AEE696B}.Release|Any CPU.Build.0 = Release|Any CPU
		{A670E862-97AE-4007-B306-EFC907C9CFD6}.Debug|Any CPU.ActiveCfg = Debug|Any CPU
		{A670E862-97AE-4007-B306-EFC907C9CFD6}.Debug|Any CPU.Build.0 = Debug|Any CPU
		{A670E862-97AE-4007-B306-EFC907C9CFD6}.Release|Any CPU.ActiveCfg = Release|Any CPU
		{A670E862-97AE-4007-B306-EFC907C9CFD6}.Release|Any CPU.Build.0 = Release|Any CPU
		{8D970731-5273-4B1B-9F35-3073DA141B13}.Debug|Any CPU.ActiveCfg = Debug|Any CPU
		{8D970731-5273-4B1B-9F35-3073DA141B13}.Debug|Any CPU.Build.0 = Debug|Any CPU
		{8D970731-5273-4B1B-9F35-3073DA141B13}.Release|Any CPU.ActiveCfg = Release|Any CPU
		{8D970731-5273-4B1B-9F35-3073DA141B13}.Release|Any CPU.Build.0 = Release|Any CPU
		{49BA49A9-A5C0-4BF3-BC6F-B8C58DDCD292}.Debug|Any CPU.ActiveCfg = Debug|Any CPU
		{49BA49A9-A5C0-4BF3-BC6F-B8C58DDCD292}.Debug|Any CPU.Build.0 = Debug|Any CPU
		{49BA49A9-A5C0-4BF3-BC6F-B8C58DDCD292}.Release|Any CPU.ActiveCfg = Release|Any CPU
		{49BA49A9-A5C0-4BF3-BC6F-B8C58DDCD292}.Release|Any CPU.Build.0 = Release|Any CPU
		{9F6FA889-9847-4F99-8E67-B47705E5A649}.Debug|Any CPU.ActiveCfg = Debug|Any CPU
		{9F6FA889-9847-4F99-8E67-B47705E5A649}.Debug|Any CPU.Build.0 = Debug|Any CPU
		{9F6FA889-9847-4F99-8E67-B47705E5A649}.Release|Any CPU.ActiveCfg = Release|Any CPU
		{9F6FA889-9847-4F99-8E67-B47705E5A649}.Release|Any CPU.Build.0 = Release|Any CPU
		{E0B9F29A-9157-42B5-933F-75E88192565B}.Debug|Any CPU.ActiveCfg = Debug|Any CPU
		{E0B9F29A-9157-42B5-933F-75E88192565B}.Debug|Any CPU.Build.0 = Debug|Any CPU
		{E0B9F29A-9157-42B5-933F-75E88192565B}.Debug|Any CPU.Deploy.0 = Debug|Any CPU
		{E0B9F29A-9157-42B5-933F-75E88192565B}.Release|Any CPU.ActiveCfg = Release|Any CPU
		{E0B9F29A-9157-42B5-933F-75E88192565B}.Release|Any CPU.Build.0 = Release|Any CPU
		{E0B9F29A-9157-42B5-933F-75E88192565B}.Release|Any CPU.Deploy.0 = Release|Any CPU
	EndGlobalSection
	GlobalSection(SolutionProperties) = preSolution
		HideSolutionNode = FALSE
	EndGlobalSection
	GlobalSection(ExtensibilityGlobals) = postSolution
		SolutionGuid = {21F50658-134F-4847-A8AD-44013C50B8D3}
	EndGlobalSection
EndGlobal
